
Microsoft Visual Studio Solution File, Format Version 12.00
# Visual Studio Version 17
VisualStudioVersion = 17.9.34723.18
MinimumVisualStudioVersion = 10.0.40219.1
Project("{9A19103F-16F7-4668-BE54-9A1E7A4F7556}") = "Ebookstore", "Ebookstore\Ebookstore.csproj", "{BC3D3AD6-F161-4823-BC9A-B0F584BA8E29}"
EndProject
Project("{FAE04EC0-301F-11D3-BF4B-00C04F79EFBC}") = "Ebook.DataAccess", "Ebook.DataAccess\Ebook.DataAccess.csproj", "{5F4FD07A-ECEA-4BAA-A2FB-60137B0AAA71}"
EndProject
Project("{FAE04EC0-301F-11D3-BF4B-00C04F79EFBC}") = "Ebook.Models", "Ebook.Models\Ebook.Models.csproj", "{DF3CBD43-0126-44F6-BA17-E29520E20624}"
EndProject
Project("{FAE04EC0-301F-11D3-BF4B-00C04F79EFBC}") = "Ebook.Utility", "Ebook.Utility\Ebook.Utility.csproj", "{62EB6E6D-EE8E-4458-9F12-844ABA57735C}"
EndProject
Global
	GlobalSection(SolutionConfigurationPlatforms) = preSolution
		Debug|Any CPU = Debug|Any CPU
		Release|Any CPU = Release|Any CPU
	EndGlobalSection
	GlobalSection(ProjectConfigurationPlatforms) = postSolution
		{BC3D3AD6-F161-4823-BC9A-B0F584BA8E29}.Debug|Any CPU.ActiveCfg = Debug|Any CPU
		{BC3D3AD6-F161-4823-BC9A-B0F584BA8E29}.Debug|Any CPU.Build.0 = Debug|Any CPU
		{BC3D3AD6-F161-4823-BC9A-B0F584BA8E29}.Release|Any CPU.ActiveCfg = Release|Any CPU
		{BC3D3AD6-F161-4823-BC9A-B0F584BA8E29}.Release|Any CPU.Build.0 = Release|Any CPU
		{5F4FD07A-ECEA-4BAA-A2FB-60137B0AAA71}.Debug|Any CPU.ActiveCfg = Debug|Any CPU
		{5F4FD07A-ECEA-4BAA-A2FB-60137B0AAA71}.Debug|Any CPU.Build.0 = Debug|Any CPU
		{5F4FD07A-ECEA-4BAA-A2FB-60137B0AAA71}.Release|Any CPU.ActiveCfg = Release|Any CPU
		{5F4FD07A-ECEA-4BAA-A2FB-60137B0AAA71}.Release|Any CPU.Build.0 = Release|Any CPU
		{DF3CBD43-0126-44F6-BA17-E29520E20624}.Debug|Any CPU.ActiveCfg = Debug|Any CPU
		{DF3CBD43-0126-44F6-BA17-E29520E20624}.Debug|Any CPU.Build.0 = Debug|Any CPU
		{DF3CBD43-0126-44F6-BA17-E29520E20624}.Release|Any CPU.ActiveCfg = Release|Any CPU
		{DF3CBD43-0126-44F6-BA17-E29520E20624}.Release|Any CPU.Build.0 = Release|Any CPU
		{62EB6E6D-EE8E-4458-9F12-844ABA57735C}.Debug|Any CPU.ActiveCfg = Debug|Any CPU
		{62EB6E6D-EE8E-4458-9F12-844ABA57735C}.Debug|Any CPU.Build.0 = Debug|Any CPU
		{62EB6E6D-EE8E-4458-9F12-844ABA57735C}.Release|Any CPU.ActiveCfg = Release|Any CPU
		{62EB6E6D-EE8E-4458-9F12-844ABA57735C}.Release|Any CPU.Build.0 = Release|Any CPU
	EndGlobalSection
	GlobalSection(SolutionProperties) = preSolution
		HideSolutionNode = FALSE
	EndGlobalSection
	GlobalSection(ExtensibilityGlobals) = postSolution
		SolutionGuid = {8724A106-5D28-4C05-888C-C41FA191EDFE}
	EndGlobalSection
EndGlobal
